
Microsoft Visual Studio Solution File, Format Version 12.00
# Visual Studio Version 16
VisualStudioVersion = 16.0.30204.135
MinimumVisualStudioVersion = 10.0.40219.1
Project("{9A19103F-16F7-4668-BE54-9A1E7A4F7556}") = "AnimalApp", "AnimalApp\AnimalApp.csproj", "{57B5BF43-D64F-460E-974E-200C5B36C34A}"
EndProject
Project("{FAE04EC0-301F-11D3-BF4B-00C04F79EFBC}") = "AnimalAppUnitTests", "AnimalAppUnitTests\AnimalAppUnitTests.csproj", "{1EDF237C-ACE5-4228-8B2A-30D31755D61A}"
EndProject
Global
	GlobalSection(SolutionConfigurationPlatforms) = preSolution
		Debug|Any CPU = Debug|Any CPU
		Release|Any CPU = Release|Any CPU
	EndGlobalSection
	GlobalSection(ProjectConfigurationPlatforms) = postSolution
		{57B5BF43-D64F-460E-974E-200C5B36C34A}.Debug|Any CPU.ActiveCfg = Debug|Any CPU
		{57B5BF43-D64F-460E-974E-200C5B36C34A}.Debug|Any CPU.Build.0 = Debug|Any CPU
		{57B5BF43-D64F-460E-974E-200C5B36C34A}.Release|Any CPU.ActiveCfg = Release|Any CPU
		{57B5BF43-D64F-460E-974E-200C5B36C34A}.Release|Any CPU.Build.0 = Release|Any CPU
		{1EDF237C-ACE5-4228-8B2A-30D31755D61A}.Debug|Any CPU.ActiveCfg = Debug|Any CPU
		{1EDF237C-ACE5-4228-8B2A-30D31755D61A}.Debug|Any CPU.Build.0 = Debug|Any CPU
		{1EDF237C-ACE5-4228-8B2A-30D31755D61A}.Release|Any CPU.ActiveCfg = Release|Any CPU
		{1EDF237C-ACE5-4228-8B2A-30D31755D61A}.Release|Any CPU.Build.0 = Release|Any CPU
	EndGlobalSection
	GlobalSection(SolutionProperties) = preSolution
		HideSolutionNode = FALSE
	EndGlobalSection
	GlobalSection(ExtensibilityGlobals) = postSolution
		SolutionGuid = {C784A651-570B-41EF-916C-91FA0D348118}
	EndGlobalSection
EndGlobal
